
Microsoft Visual Studio Solution File, Format Version 12.00
# Visual Studio Version 17
VisualStudioVersion = 17.11.35327.3
MinimumVisualStudioVersion = 10.0.40219.1
Project("{8BC9CEB8-8B4A-11D0-8D11-00A0C91BC942}") = "CA2 project", "CA2 project\CA2 project.vcxproj", "{67E412C4-5461-464A-90F0-AFD8B3883E6E}"
EndProject
Project("{8BC9CEB8-8B4A-11D0-8D11-00A0C91BC942}") = "TreeMapTest", "TreeMapTest\TreeMapTest.vcxproj", "{A15F9F64-1D0A-4153-BE60-38B16B2504D7}"
EndProject
Global
	GlobalSection(SolutionConfigurationPlatforms) = preSolution
		Debug|x64 = Debug|x64
		Debug|x86 = Debug|x86
		Release|x64 = Release|x64
		Release|x86 = Release|x86
	EndGlobalSection
	GlobalSection(ProjectConfigurationPlatforms) = postSolution
		{67E412C4-5461-464A-90F0-AFD8B3883E6E}.Debug|x64.ActiveCfg = Debug|x64
		{67E412C4-5461-464A-90F0-AFD8B3883E6E}.Debug|x64.Build.0 = Debug|x64
		{67E412C4-5461-464A-90F0-AFD8B3883E6E}.Debug|x86.ActiveCfg = Debug|Win32
		{67E412C4-5461-464A-90F0-AFD8B3883E6E}.Debug|x86.Build.0 = Debug|Win32
		{67E412C4-5461-464A-90F0-AFD8B3883E6E}.Release|x64.ActiveCfg = Release|x64
		{67E412C4-5461-464A-90F0-AFD8B3883E6E}.Release|x64.Build.0 = Release|x64
		{67E412C4-5461-464A-90F0-AFD8B3883E6E}.Release|x86.ActiveCfg = Release|Win32
		{67E412C4-5461-464A-90F0-AFD8B3883E6E}.Release|x86.Build.0 = Release|Win32
		{A15F9F64-1D0A-4153-BE60-38B16B2504D7}.Debug|x64.ActiveCfg = Debug|x64
		{A15F9F64-1D0A-4153-BE60-38B16B2504D7}.Debug|x64.Build.0 = Debug|x64
		{A15F9F64-1D0A-4153-BE60-38B16B2504D7}.Debug|x86.ActiveCfg = Debug|Win32
		{A15F9F64-1D0A-4153-BE60-38B16B2504D7}.Debug|x86.Build.0 = Debug|Win32
		{A15F9F64-1D0A-4153-BE60-38B16B2504D7}.Release|x64.ActiveCfg = Release|x64
		{A15F9F64-1D0A-4153-BE60-38B16B2504D7}.Release|x64.Build.0 = Release|x64
		{A15F9F64-1D0A-4153-BE60-38B16B2504D7}.Release|x86.ActiveCfg = Release|Win32
		{A15F9F64-1D0A-4153-BE60-38B16B2504D7}.Release|x86.Build.0 = Release|Win32
	EndGlobalSection
	GlobalSection(SolutionProperties) = preSolution
		HideSolutionNode = FALSE
	EndGlobalSection
	GlobalSection(ExtensibilityGlobals) = postSolution
		SolutionGuid = {CF5AFFEB-BBB8-478B-B439-0FBB72587CD9}
	EndGlobalSection
EndGlobal
